<?xml version="1.0" encoding="utf-8"?>
<Project ToolsVersion="4.0" xmlns="http://schemas.microsoft.com/developer/msbuild/2003">
  <ItemGroup>
    <Filter Include="Source Files">
      <UniqueIdentifier>{4FC737F1-C7A5-4376-A066-2A32D752A2FF}</UniqueIdentifier>
      <Extensions>cpp;c;cc;cxx;c++;cppm;ixx;def;odl;idl;hpj;bat;asm;asmx</Extensions>
    </Filter>
    <Filter Include="Header Files">
      <UniqueIdentifier>{93995380-89BD-4b04-88EB-625FBE52EBFB}</UniqueIdentifier>
      <Extensions>h;hh;hpp;hxx;h++;hm;inl;inc;ipp;xsd</Extensions>
    </Filter>
    <Filter Include="Resource Files">
      <UniqueIdentifier>{67DA6AB6-F800-4c08-8B7A-83BB121AAD01}</UniqueIdentifier>
      <Extensions>rc;ico;cur;bmp;dlg;rc2;rct;bin;rgs;gif;jpg;jpeg;jpe;resx;tiff;tif;png;wav;mfcribbon-ms</Extensions>
    </Filter>
    <Filter Include="Sections">
      <UniqueIdentifier>{756c4f0b-beda-4598-820e-4f9640934f48}</UniqueIdentifier>
    </Filter>
    <Filter Include="Sections\src">
      <UniqueIdentifier>{bc115224-ade3-4ce3-a96b-0eb086b0dc4c}</UniqueIdentifier>
    </Filter>
    <Filter Include="Sections\include">
      <UniqueIdentifier>{8f74a282-6feb-4410-8eb0-10cb55e2c605}</UniqueIdentifier>
    </Filter>
  </ItemGroup>
  <ItemGroup>
    <ClCompile Include="Course.cpp">
      <Filter>Source Files</Filter>
    </ClCompile>
    <ClCompile Include="Sections\src\section_6.cpp">
      <Filter>Sections\src</Filter>
    </ClCompile>
    <ClCompile Include="Sections\src\section_7.cpp">
      <Filter>Sections\src</Filter>
    </ClCompile>
    <ClCompile Include="Sections\src\section_8.cpp">
      <Filter>Sections\src</Filter>
    </ClCompile>
  </ItemGroup>
  <ItemGroup>
    <ClInclude Include="Sections\include\section_7.h">
      <Filter>Sections\include</Filter>
    </ClInclude>
    <ClInclude Include="Sections\sections.h">
      <Filter>Sections</Filter>
    </ClInclude>
    <ClInclude Include="Sections\include\section_6.h">
      <Filter>Sections\include</Filter>
    </ClInclude>
    <ClInclude Include="Sections\include\section_8.h">
      <Filter>Sections\include</Filter>
    </ClInclude>
  </ItemGroup>
</Project>